
Microsoft Visual Studio Solution File, Format Version 12.00
# Visual Studio Version 17
VisualStudioVersion = 17.6.33815.320
MinimumVisualStudioVersion = 10.0.40219.1
Project("{FAE04EC0-301F-11D3-BF4B-00C04F79EFBC}") = "React.NetApp", "React.NetApp\React.NetApp.csproj", "{17D47AD4-2A3E-497B-BF73-73BD792F8637}"
EndProject
Global
	GlobalSection(SolutionConfigurationPlatforms) = preSolution
		Debug|Any CPU = Debug|Any CPU
		Release|Any CPU = Release|Any CPU
	EndGlobalSection
	GlobalSection(ProjectConfigurationPlatforms) = postSolution
		{17D47AD4-2A3E-497B-BF73-73BD792F8637}.Debug|Any CPU.ActiveCfg = Debug|Any CPU
		{17D47AD4-2A3E-497B-BF73-73BD792F8637}.Debug|Any CPU.Build.0 = Debug|Any CPU
		{17D47AD4-2A3E-497B-BF73-73BD792F8637}.Release|Any CPU.ActiveCfg = Release|Any CPU
		{17D47AD4-2A3E-497B-BF73-73BD792F8637}.Release|Any CPU.Build.0 = Release|Any CPU
	EndGlobalSection
	GlobalSection(SolutionProperties) = preSolution
		HideSolutionNode = FALSE
	EndGlobalSection
	GlobalSection(ExtensibilityGlobals) = postSolution
		SolutionGuid = {16775B51-860E-4C14-B8FC-925A0E59A2AF}
	EndGlobalSection
EndGlobal
